
Microsoft Visual Studio Solution File, Format Version 12.00
# Visual Studio Version 17
VisualStudioVersion = 17.0.31912.275
MinimumVisualStudioVersion = 10.0.40219.1
Project("{9A19103F-16F7-4668-BE54-9A1E7A4F7556}") = "EAISolutionFrontEnd.SharedKernel", "EAISolutionFrontEnd.SharedKernel\EAISolutionFrontEnd.SharedKernel.csproj", "{EFAEE218-6A19-4F15-BA69-EEAA9CB3F8C8}"
EndProject
Project("{FAE04EC0-301F-11D3-BF4B-00C04F79EFBC}") = "EAISolutionFrontEnd.Core", "EAISolutionFrontEnd.Core\EAISolutionFrontEnd.Core.csproj", "{250054BE-A3E4-4509-91BF-02B50B6687CE}"
EndProject
Project("{FAE04EC0-301F-11D3-BF4B-00C04F79EFBC}") = "EAISolutionFrontEnd.Infrastructure", "EAISolutionFrontEnd.Infrastructure\EAISolutionFrontEnd.Infrastructure.csproj", "{0D0DF13C-DCD5-4F12-9150-D227C47859FB}"
EndProject
Project("{FAE04EC0-301F-11D3-BF4B-00C04F79EFBC}") = "EAISolutionFrontEnd. ConsoleTestApp", "EAISolutionFrontEnd. ConsoleTestApp\EAISolutionFrontEnd. ConsoleTestApp.csproj", "{8A501D87-842D-4A27-AF58-53B3D6188943}"
EndProject
Global
	GlobalSection(SolutionConfigurationPlatforms) = preSolution
		Debug|Any CPU = Debug|Any CPU
		Release|Any CPU = Release|Any CPU
	EndGlobalSection
	GlobalSection(ProjectConfigurationPlatforms) = postSolution
		{EFAEE218-6A19-4F15-BA69-EEAA9CB3F8C8}.Debug|Any CPU.ActiveCfg = Debug|Any CPU
		{EFAEE218-6A19-4F15-BA69-EEAA9CB3F8C8}.Debug|Any CPU.Build.0 = Debug|Any CPU
		{EFAEE218-6A19-4F15-BA69-EEAA9CB3F8C8}.Release|Any CPU.ActiveCfg = Release|Any CPU
		{EFAEE218-6A19-4F15-BA69-EEAA9CB3F8C8}.Release|Any CPU.Build.0 = Release|Any CPU
		{250054BE-A3E4-4509-91BF-02B50B6687CE}.Debug|Any CPU.ActiveCfg = Debug|Any CPU
		{250054BE-A3E4-4509-91BF-02B50B6687CE}.Debug|Any CPU.Build.0 = Debug|Any CPU
		{250054BE-A3E4-4509-91BF-02B50B6687CE}.Release|Any CPU.ActiveCfg = Release|Any CPU
		{250054BE-A3E4-4509-91BF-02B50B6687CE}.Release|Any CPU.Build.0 = Release|Any CPU
		{0D0DF13C-DCD5-4F12-9150-D227C47859FB}.Debug|Any CPU.ActiveCfg = Debug|Any CPU
		{0D0DF13C-DCD5-4F12-9150-D227C47859FB}.Debug|Any CPU.Build.0 = Debug|Any CPU
		{0D0DF13C-DCD5-4F12-9150-D227C47859FB}.Release|Any CPU.ActiveCfg = Release|Any CPU
		{0D0DF13C-DCD5-4F12-9150-D227C47859FB}.Release|Any CPU.Build.0 = Release|Any CPU
		{8A501D87-842D-4A27-AF58-53B3D6188943}.Debug|Any CPU.ActiveCfg = Debug|Any CPU
		{8A501D87-842D-4A27-AF58-53B3D6188943}.Debug|Any CPU.Build.0 = Debug|Any CPU
		{8A501D87-842D-4A27-AF58-53B3D6188943}.Release|Any CPU.ActiveCfg = Release|Any CPU
		{8A501D87-842D-4A27-AF58-53B3D6188943}.Release|Any CPU.Build.0 = Release|Any CPU
	EndGlobalSection
	GlobalSection(SolutionProperties) = preSolution
		HideSolutionNode = FALSE
	EndGlobalSection
	GlobalSection(ExtensibilityGlobals) = postSolution
		SolutionGuid = {63714A8A-A852-47C7-AC30-B569C6217095}
	EndGlobalSection
EndGlobal
